
Microsoft Visual Studio Solution File, Format Version 11.00
# Visual Studio 2010
Project("{D2ABAB84-BF74-430A-B69E-9DC6D40DDA17}") = "PosRetailDataAnalysise", "PosRetailDataAnalysise\PosRetailDataAnalysise.dwproj", "{42BB68F6-4978-4813-94C7-7ABE2E8E72AE}"
EndProject
Global
	GlobalSection(SolutionConfigurationPlatforms) = preSolution
		Development|Default = Development|Default
	EndGlobalSection
	GlobalSection(ProjectConfigurationPlatforms) = postSolution
		{42BB68F6-4978-4813-94C7-7ABE2E8E72AE}.Development|Default.ActiveCfg = Development
		{42BB68F6-4978-4813-94C7-7ABE2E8E72AE}.Development|Default.Build.0 = Development
		{42BB68F6-4978-4813-94C7-7ABE2E8E72AE}.Development|Default.Deploy.0 = Development
	EndGlobalSection
	GlobalSection(SolutionProperties) = preSolution
		HideSolutionNode = FALSE
	EndGlobalSection
EndGlobal
